
Microsoft Visual Studio Solution File, Format Version 12.00
# Visual Studio 15
VisualStudioVersion = 15.0.28307.421
MinimumVisualStudioVersion = 10.0.40219.1
Project("{888888A0-9F3D-457C-B088-3A5042F75D52}") = "web_tool", "web_tool\web_tool.pyproj", "{77900C27-59C0-4069-8DFB-226A11DF8FBC}"
EndProject
Global
	GlobalSection(SolutionConfigurationPlatforms) = preSolution
		Debug|Any CPU = Debug|Any CPU
		Release|Any CPU = Release|Any CPU
	EndGlobalSection
	GlobalSection(ProjectConfigurationPlatforms) = postSolution
		{77900C27-59C0-4069-8DFB-226A11DF8FBC}.Debug|Any CPU.ActiveCfg = Debug|Any CPU
		{77900C27-59C0-4069-8DFB-226A11DF8FBC}.Release|Any CPU.ActiveCfg = Release|Any CPU
	EndGlobalSection
	GlobalSection(SolutionProperties) = preSolution
		HideSolutionNode = FALSE
	EndGlobalSection
	GlobalSection(ExtensibilityGlobals) = postSolution
		SolutionGuid = {E67ADE05-A923-49C7-9DBF-A3BF66389219}
	EndGlobalSection
EndGlobal
